// !$*UTF8*$!
{
	archiveVersion = 1;
	classes = {
	};
	objectVersion = 50;
	objects = {

/* Begin PBXBuildFile section */
		445DAD372467A35800AF16AF /* index.html in Resources */ = {isa = PBXBuildFile; fileRef = 445DAD362467A35800AF16AF /* index.html */; };
		445DAD3A2467A55100AF16AF /* WebKit.framework in Frameworks */ = {isa = PBXBuildFile; fileRef = 445DAD392467A55100AF16AF /* WebKit.framework */; };
		445DAD3E2467A8FB00AF16AF /* comanion.png in Resources */ = {isa = PBXBuildFile; fileRef = 445DAD3D2467A8FB00AF16AF /* comanion.png */; };
		445DAD402467ACA400AF16AF /* sige.jpg in Resources */ = {isa = PBXBuildFile; fileRef = 445DAD3F2467ACA400AF16AF /* sige.jpg */; };
		447DCA31246787EE008B90B2 /* AppDelegate.swift in Sources */ = {isa = PBXBuildFile; fileRef = 447DCA30246787EE008B90B2 /* AppDelegate.swift */; };
		447DCA33246787EE008B90B2 /* ViewController.swift in Sources */ = {isa = PBXBuildFile; fileRef = 447DCA32246787EE008B90B2 /* ViewController.swift */; };
		447DCA36246787EE008B90B2 /* Main.storyboard in Resources */ = {isa = PBXBuildFile; fileRef = 447DCA34246787EE008B90B2 /* Main.storyboard */; };
		447DCA38246787F0008B90B2 /* Assets.xcassets in Resources */ = {isa = PBXBuildFile; fileRef = 447DCA37246787F0008B90B2 /* Assets.xcassets */; };
		447DCA3B246787F0008B90B2 /* LaunchScreen.storyboard in Resources */ = {isa = PBXBuildFile; fileRef = 447DCA39246787F0008B90B2 /* LaunchScreen.storyboard */; };
/* End PBXBuildFile section */

/* Begin PBXFileReference section */
		445DAD362467A35800AF16AF /* index.html */ = {isa = PBXFileReference; fileEncoding = 4; lastKnownFileType = text.html; path = index.html; sourceTree = "<group>"; };
		445DAD392467A55100AF16AF /* WebKit.framework */ = {isa = PBXFileReference; lastKnownFileType = wrapper.framework; name = WebKit.framework; path = System/Library/Frameworks/WebKit.framework; sourceTree = SDKROOT; };
		445DAD3D2467A8FB00AF16AF /* comanion.png */ = {isa = PBXFileReference; lastKnownFileType = image.png; path = comanion.png; sourceTree = "<group>"; };
		445DAD3F2467ACA400AF16AF /* sige.jpg */ = {isa = PBXFileReference; lastKnownFileType = image.jpeg; path = sige.jpg; sourceTree = "<group>"; };
		447DCA2D246787EE008B90B2 /* simpleWebView.app */ = {isa = PBXFileReference; explicitFileType = wrapper.application; includeInIndex = 0; path = simpleWebView.app; sourceTree = BUILT_PRODUCTS_DIR; };
		447DCA30246787EE008B90B2 /* AppDelegate.swift */ = {isa = PBXFileReference; lastKnownFileType = sourcecode.swift; path = AppDelegate.swift; sourceTree = "<group>"; };
		447DCA32246787EE008B90B2 /* ViewController.swift */ = {isa = PBXFileReference; lastKnownFileType = sourcecode.swift; path = ViewController.swift; sourceTree = "<group>"; };
		447DCA35246787EE008B90B2 /* Base */ = {isa = PBXFileReference; lastKnownFileType = file.storyboard; name = Base; path = Base.lproj/Main.storyboard; sourceTree = "<group>"; };
		447DCA37246787F0008B90B2 /* Assets.xcassets */ = {isa = PBXFileReference; lastKnownFileType = folder.assetcatalog; path = Assets.xcassets; sourceTree = "<group>"; };
		447DCA3A246787F0008B90B2 /* Base */ = {isa = PBXFileReference; lastKnownFileType = file.storyboard; name = Base; path = Base.lproj/LaunchScreen.storyboard; sourceTree = "<group>"; };
		447DCA3C246787F0008B90B2 /* Info.plist */ = {isa = PBXFileReference; lastKnownFileType = text.plist.xml; path = Info.plist; sourceTree = "<group>"; };
/* End PBXFileReference section */

/* Begin PBXFrameworksBuildPhase section */
		447DCA2A246787EE008B90B2 /* Frameworks */ = {
			isa = PBXFrameworksBuildPhase;
			buildActionMask = 2147483647;
			files = (
				445DAD3A2467A55100AF16AF /* WebKit.framework in Frameworks */,
			);
			runOnlyForDeploymentPostprocessing = 0;
		};
/* End PBXFrameworksBuildPhase section */

/* Begin PBXGroup section */
		445DAD382467A55100AF16AF /* Frameworks */ = {
			isa = PBXGroup;
			children = (
				445DAD392467A55100AF16AF /* WebKit.framework */,
			);
			name = Frameworks;
			sourceTree = "<group>";
		};
		447DCA24246787EE008B90B2 = {
			isa = PBXGroup;
			children = (
				447DCA2F246787EE008B90B2 /* simpleWebView */,
				447DCA2E246787EE008B90B2 /* Products */,
				445DAD382467A55100AF16AF /* Frameworks */,
			);
			sourceTree = "<group>";
		};
		447DCA2E246787EE008B90B2 /* Products */ = {
			isa = PBXGroup;
			children = (
				447DCA2D246787EE008B90B2 /* simpleWebView.app */,
			);
			name = Products;
			sourceTree = "<group>";
		};
		447DCA2F246787EE008B90B2 /* simpleWebView */ = {
			isa = PBXGroup;
			children = (
				447DCA30246787EE008B90B2 /* AppDelegate.swift */,
				447DCA32246787EE008B90B2 /* ViewController.swift */,
				445DAD362467A35800AF16AF /* index.html */,
				445DAD3D2467A8FB00AF16AF /* comanion.png */,
				445DAD3F2467ACA400AF16AF /* sige.jpg */,
				447DCA34246787EE008B90B2 /* Main.storyboard */,
				447DCA37246787F0008B90B2 /* Assets.xcassets */,
				447DCA39246787F0008B90B2 /* LaunchScreen.storyboard */,
				447DCA3C246787F0008B90B2 /* Info.plist */,
			);
			path = simpleWebView;
			sourceTree = "<group>";
		};
/* End PBXGroup section */

/* Begin PBXNativeTarget section */
		447DCA2C246787EE008B90B2 /* simpleWebView */ = {
			isa = PBXNativeTarget;
			buildConfigurationList = 447DCA3F246787F0008B90B2 /* Build configuration list for PBXNativeTarget "simpleWebView" */;
			buildPhases = (
				447DCA29246787EE008B90B2 /* Sources */,
				447DCA2A246787EE008B90B2 /* Frameworks */,
				447DCA2B246787EE008B90B2 /* Resources */,
			);
			buildRules = (
			);
			dependencies = (
			);
			name = simpleWebView;
			productName = simpleWebView;
			productReference = 447DCA2D246787EE008B90B2 /* simpleWebView.app */;
			productType = "com.apple.product-type.application";
		};
/* End PBXNativeTarget section */

/* Begin PBXProject section */
		447DCA25246787EE008B90B2 /* Project object */ = {
			isa = PBXProject;
			attributes = {
				LastSwiftUpdateCheck = 1030;
				LastUpgradeCheck = 1030;
				ORGANIZATIONNAME = "Masahiro Tamamura";
				TargetAttributes = {
					447DCA2C246787EE008B90B2 = {
						CreatedOnToolsVersion = 10.3;
					};
				};
			};
			buildConfigurationList = 447DCA28246787EE008B90B2 /* Build configuration list for PBXProject "simpleWebView" */;
			compatibilityVersion = "Xcode 9.3";
			developmentRegion = en;
			hasScannedForEncodings = 0;
			knownRegions = (
				en,
				Base,
			);
			mainGroup = 447DCA24246787EE008B90B2;
			productRefGroup = 447DCA2E246787EE008B90B2 /* Products */;
			projectDirPath = "";
			projectRoot = "";
			targets = (
				447DCA2C246787EE008B90B2 /* simpleWebView */,
			);
		};
/* End PBXProject section */

/* Begin PBXResourcesBuildPhase section */
		447DCA2B246787EE008B90B2 /* Resources */ = {
			isa = PBXResourcesBuildPhase;
			buildActionMask = 2147483647;
			files = (
				445DAD3E2467A8FB00AF16AF /* comanion.png in Resources */,
				445DAD402467ACA400AF16AF /* sige.jpg in Resources */,
				447DCA3B246787F0008B90B2 /* LaunchScreen.storyboard in Resources */,
				445DAD372467A35800AF16AF /* index.html in Resources */,
				447DCA38246787F0008B90B2 /* Assets.xcassets in Resources */,
				447DCA36246787EE008B90B2 /* Main.storyboard in Resources */,
			);
			runOnlyForDeploymentPostprocessing = 0;
		};
/* End PBXResourcesBuildPhase section */

/* Begin PBXSourcesBuildPhase section */
		447DCA29246787EE008B90B2 /* Sources */ = {
			isa = PBXSourcesBuildPhase;
			buildActionMask = 2147483647;
			files = (
				447DCA33246787EE008B90B2 /* ViewController.swift in Sources */,
				447DCA31246787EE008B90B2 /* AppDelegate.swift in Sources */,
			);
			runOnlyForDeploymentPostprocessing = 0;
		};
/* End PBXSourcesBuildPhase section */

/* Begin PBXVariantGroup section */
		447DCA34246787EE008B90B2 /* Main.storyboard */ = {
			isa = PBXVariantGroup;
			children = (
				447DCA35246787EE008B90B2 /* Base */,
			);
			name = Main.storyboard;
			sourceTree = "<group>";
		};
		447DCA39246787F0008B90B2 /* LaunchScreen.storyboard */ = {
			isa = PBXVariantGroup;
			children = (
				447DCA3A246787F0008B90B2 /* Base */,
			);
			name = LaunchScreen.storyboard;
			sourceTree = "<group>";
		};
/* End PBXVariantGroup section */

/* Begin XCBuildConfiguration section */
		447DCA3D246787F0008B90B2 /* Debug */ = {
			isa = XCBuildConfiguration;
			buildSettings = {
				ALWAYS_SEARCH_USER_PATHS = NO;
				CLANG_ANALYZER_NONNULL = YES;
				CLANG_ANALYZER_NUMBER_OBJECT_CONVERSION = YES_AGGRESSIVE;
				CLANG_CXX_LANGUAGE_STANDARD = "gnu++14";
				CLANG_CXX_LIBRARY = "libc++";
				CLANG_ENABLE_MODULES = YES;
				CLANG_ENABLE_OBJC_ARC = YES;
				CLANG_ENABLE_OBJC_WEAK = YES;
				CLANG_WARN_BLOCK_CAPTURE_AUTORELEASING = YES;
				CLANG_WARN_BOOL_CONVERSION = YES;
				CLANG_WARN_COMMA = YES;
				CLANG_WARN_CONSTANT_CONVERSION = YES;
				CLANG_WARN_DEPRECATED_OBJC_IMPLEMENTATIONS = YES;
				CLANG_WARN_DIRECT_OBJC_ISA_USAGE = YES_ERROR;
				CLANG_WARN_DOCUMENTATION_COMMENTS = YES;
				CLANG_WARN_EMPTY_BODY = YES;
				CLANG_WARN_ENUM_CONVERSION = YES;
				CLANG_WARN_INFINITE_RECURSION = YES;
				CLANG_WARN_INT_CONVERSION = YES;
				CLANG_WARN_NON_LITERAL_NULL_CONVERSION = YES;
				CLANG_WARN_OBJC_IMPLICIT_RETAIN_SELF = YES;
				CLANG_WARN_OBJC_LITERAL_CONVERSION = YES;
				CLANG_WARN_OBJC_ROOT_CLASS = YES_ERROR;
				CLANG_WARN_RANGE_LOOP_ANALYSIS = YES;
				CLANG_WARN_STRICT_PROTOTYPES = YES;
				CLANG_WARN_SUSPICIOUS_MOVE = YES;
				CLANG_WARN_UNGUARDED_AVAILABILITY = YES_AGGRESSIVE;
				CLANG_WARN_UNREACHABLE_CODE = YES;
				CLANG_WARN__DUPLICATE_METHOD_MATCH = YES;
				CODE_SIGN_IDENTITY = "iPhone Developer";
				COPY_PHASE_STRIP = NO;
				DEBUG_INFORMATION_FORMAT = dwarf;
				ENABLE_STRICT_OBJC_MSGSEND = YES;
				ENABLE_TESTABILITY = YES;
				GCC_C_LANGUAGE_STANDARD = gnu11;
				GCC_DYNAMIC_NO_PIC = NO;
				GCC_NO_COMMON_BLOCKS = YES;
				GCC_OPTIMIZATION_LEVEL = 0;
				GCC_PREPROCESSOR_DEFINITIONS = (
					"DEBUG=1",
					"$(inherited)",
				);
				GCC_WARN_64_TO_32_BIT_CONVERSION = YES;
				GCC_WARN_ABOUT_RETURN_TYPE = YES_ERROR;
				GCC_WARN_UNDECLARED_SELECTOR = YES;
				GCC_WARN_UNINITIALIZED_AUTOS = YES_AGGRESSIVE;
				GCC_WARN_UNUSED_FUNCTION = YES;
				GCC_WARN_UNUSED_VARIABLE = YES;
				IPHONEOS_DEPLOYMENT_TARGET = 12.4;
				MTL_ENABLE_DEBUG_INFO = INCLUDE_SOURCE;
				MTL_FAST_MATH = YES;
				ONLY_ACTIVE_ARCH = YES;
				SDKROOT = iphoneos;
				SWIFT_ACTIVE_COMPILATION_CONDITIONS = DEBUG;
				SWIFT_OPTIMIZATION_LEVEL = "-Onone";
			};
			name = Debug;
		};
		447DCA3E246787F0008B90B2 /* Release */ = {
			isa = XCBuildConfiguration;
			buildSettings = {
				ALWAYS_SEARCH_USER_PATHS = NO;
				CLANG_ANALYZER_NONNULL = YES;
				CLANG_ANALYZER_NUMBER_OBJECT_CONVERSION = YES_AGGRESSIVE;
				CLANG_CXX_LANGUAGE_STANDARD = "gnu++14";
				CLANG_CXX_LIBRARY = "libc++";
				CLANG_ENABLE_MODULES = YES;
				CLANG_ENABLE_OBJC_ARC = YES;
				CLANG_ENABLE_OBJC_WEAK = YES;
				CLANG_WARN_BLOCK_CAPTURE_AUTORELEASING = YES;
				CLANG_WARN_BOOL_CONVERSION = YES;
				CLANG_WARN_COMMA = YES;
				CLANG_WARN_CONSTANT_CONVERSION = YES;
				CLANG_WARN_DEPRECATED_OBJC_IMPLEMENTATIONS = YES;
				CLANG_WARN_DIRECT_OBJC_ISA_USAGE = YES_ERROR;
				CLANG_WARN_DOCUMENTATION_COMMENTS = YES;
				CLANG_WARN_EMPTY_BODY = YES;
				CLANG_WARN_ENUM_CONVERSION = YES;
				CLANG_WARN_INFINITE_RECURSION = YES;
				CLANG_WARN_INT_CONVERSION = YES;
				CLANG_WARN_NON_LITERAL_NULL_CONVERSION = YES;
				CLANG_WARN_OBJC_IMPLICIT_RETAIN_SELF = YES;
				CLANG_WARN_OBJC_LITERAL_CONVERSION = YES;
				CLANG_WARN_OBJC_ROOT_CLASS = YES_ERROR;
				CLANG_WARN_RANGE_LOOP_ANALYSIS = YES;
				CLANG_WARN_STRICT_PROTOTYPES = YES;
				CLANG_WARN_SUSPICIOUS_MOVE = YES;
				CLANG_WARN_UNGUARDED_AVAILABILITY = YES_AGGRESSIVE;
				CLANG_WARN_UNREACHABLE_CODE = YES;
				CLANG_WARN__DUPLICATE_METHOD_MATCH = YES;
				CODE_SIGN_IDENTITY = "iPhone Developer";
				COPY_PHASE_STRIP = NO;
				DEBUG_INFORMATION_FORMAT = "dwarf-with-dsym";
				ENABLE_NS_ASSERTIONS = NO;
				ENABLE_STRICT_OBJC_MSGSEND = YES;
				GCC_C_LANGUAGE_STANDARD = gnu11;
				GCC_NO_COMMON_BLOCKS = YES;
				GCC_WARN_64_TO_32_BIT_CONVERSION = YES;
				GCC_WARN_ABOUT_RETURN_TYPE = YES_ERROR;
				GCC_WARN_UNDECLARED_SELECTOR = YES;
				GCC_WARN_UNINITIALIZED_AUTOS = YES_AGGRESSIVE;
				GCC_WARN_UNUSED_FUNCTION = YES;
				GCC_WARN_UNUSED_VARIABLE = YES;
				IPHONEOS_DEPLOYMENT_TARGET = 12.4;
				MTL_ENABLE_DEBUG_INFO = NO;
				MTL_FAST_MATH = YES;
				SDKROOT = iphoneos;
				SWIFT_COMPILATION_MODE = wholemodule;
				SWIFT_OPTIMIZATION_LEVEL = "-O";
				VALIDATE_PRODUCT = YES;
			};
			name = Release;
		};
		447DCA40246787F0008B90B2 /* Debug */ = {
			isa = XCBuildConfiguration;
			buildSettings = {
				ASSETCATALOG_COMPILER_APPICON_NAME = AppIcon;
				CODE_SIGN_STYLE = Automatic;
				DEVELOPMENT_TEAM = L98QP37VE2;
				INFOPLIST_FILE = simpleWebView/Info.plist;
				IPHONEOS_DEPLOYMENT_TARGET = 11.0;
				LD_RUNPATH_SEARCH_PATHS = (
					"$(inherited)",
					"@executable_path/Frameworks",
				);
				PRODUCT_BUNDLE_IDENTIFIER = net.jp.garlands.simpleWebView;
				PRODUCT_NAME = "$(TARGET_NAME)";
				SWIFT_VERSION = 5.0;
				TARGETED_DEVICE_FAMILY = "1,2";
			};
			name = Debug;
		};
		447DCA41246787F0008B90B2 /* Release */ = {
			isa = XCBuildConfiguration;
			buildSettings = {
				ASSETCATALOG_COMPILER_APPICON_NAME = AppIcon;
				CODE_SIGN_STYLE = Automatic;
				DEVELOPMENT_TEAM = L98QP37VE2;
				INFOPLIST_FILE = simpleWebView/Info.plist;
				IPHONEOS_DEPLOYMENT_TARGET = 11.0;
				LD_RUNPATH_SEARCH_PATHS = (
					"$(inherited)",
					"@executable_path/Frameworks",
				);
				PRODUCT_BUNDLE_IDENTIFIER = net.jp.garlands.simpleWebView;
				PRODUCT_NAME = "$(TARGET_NAME)";
				SWIFT_VERSION = 5.0;
				TARGETED_DEVICE_FAMILY = "1,2";
			};
			name = Release;
		};
/* End XCBuildConfiguration section */

/* Begin XCConfigurationList section */
		447DCA28246787EE008B90B2 /* Build configuration list for PBXProject "simpleWebView" */ = {
			isa = XCConfigurationList;
			buildConfigurations = (
				447DCA3D246787F0008B90B2 /* Debug */,
				447DCA3E246787F0008B90B2 /* Release */,
			);
			defaultConfigurationIsVisible = 0;
			defaultConfigurationName = Release;
		};
		447DCA3F246787F0008B90B2 /* Build configuration list for PBXNativeTarget "simpleWebView" */ = {
			isa = XCConfigurationList;
			buildConfigurations = (
				447DCA40246787F0008B90B2 /* Debug */,
				447DCA41246787F0008B90B2 /* Release */,
			);
			defaultConfigurationIsVisible = 0;
			defaultConfigurationName = Release;
		};
/* End XCConfigurationList section */
	};
	rootObject = 447DCA25246787EE008B90B2 /* Project object */;
}
